
Microsoft Visual Studio Solution File, Format Version 12.00
# Visual Studio 15
VisualStudioVersion = 15.0.27130.2036
MinimumVisualStudioVersion = 10.0.40219.1
Project("{FAE04EC0-301F-11D3-BF4B-00C04F79EFBC}") = "ScannerPrototype.Android", "ScannerPrototype\ScannerPrototype.Android\ScannerPrototype.Android.csproj", "{90C2BC8C-0B66-4369-95A4-21C3FD605896}"
EndProject
Project("{FAE04EC0-301F-11D3-BF4B-00C04F79EFBC}") = "ScannerPrototype.iOS", "ScannerPrototype\ScannerPrototype.iOS\ScannerPrototype.iOS.csproj", "{110A6516-DACD-4286-8ADB-FA6D726F3D06}"
EndProject
Project("{D954291E-2A0B-460D-934E-DC6B0785DB48}") = "ScannerPrototype", "ScannerPrototype\ScannerPrototype\ScannerPrototype.shproj", "{69C8EB80-3740-4A53-8D20-AEDC39B6EAE9}"
EndProject
Global
	GlobalSection(SharedMSBuildProjectFiles) = preSolution
		ScannerPrototype\ScannerPrototype\ScannerPrototype.projitems*{110a6516-dacd-4286-8adb-fa6d726f3d06}*SharedItemsImports = 4
		ScannerPrototype\ScannerPrototype\ScannerPrototype.projitems*{69c8eb80-3740-4a53-8d20-aedc39b6eae9}*SharedItemsImports = 13
		ScannerPrototype\ScannerPrototype\ScannerPrototype.projitems*{90c2bc8c-0b66-4369-95a4-21c3fd605896}*SharedItemsImports = 4
	EndGlobalSection
	GlobalSection(SolutionConfigurationPlatforms) = preSolution
		Ad-Hoc|Any CPU = Ad-Hoc|Any CPU
		Ad-Hoc|iPhone = Ad-Hoc|iPhone
		Ad-Hoc|iPhoneSimulator = Ad-Hoc|iPhoneSimulator
		AppStore|Any CPU = AppStore|Any CPU
		AppStore|iPhone = AppStore|iPhone
		AppStore|iPhoneSimulator = AppStore|iPhoneSimulator
		Debug|Any CPU = Debug|Any CPU
		Debug|iPhone = Debug|iPhone
		Debug|iPhoneSimulator = Debug|iPhoneSimulator
		Release|Any CPU = Release|Any CPU
		Release|iPhone = Release|iPhone
		Release|iPhoneSimulator = Release|iPhoneSimulator
	EndGlobalSection
	GlobalSection(ProjectConfigurationPlatforms) = postSolution
		{90C2BC8C-0B66-4369-95A4-21C3FD605896}.Ad-Hoc|Any CPU.ActiveCfg = Release|Any CPU
		{90C2BC8C-0B66-4369-95A4-21C3FD605896}.Ad-Hoc|Any CPU.Build.0 = Release|Any CPU
		{90C2BC8C-0B66-4369-95A4-21C3FD605896}.Ad-Hoc|Any CPU.Deploy.0 = Release|Any CPU
		{90C2BC8C-0B66-4369-95A4-21C3FD605896}.Ad-Hoc|iPhone.ActiveCfg = Release|Any CPU
		{90C2BC8C-0B66-4369-95A4-21C3FD605896}.Ad-Hoc|iPhone.Build.0 = Release|Any CPU
		{90C2BC8C-0B66-4369-95A4-21C3FD605896}.Ad-Hoc|iPhone.Deploy.0 = Release|Any CPU
		{90C2BC8C-0B66-4369-95A4-21C3FD605896}.Ad-Hoc|iPhoneSimulator.ActiveCfg = Release|Any CPU
		{90C2BC8C-0B66-4369-95A4-21C3FD605896}.Ad-Hoc|iPhoneSimulator.Build.0 = Release|Any CPU
		{90C2BC8C-0B66-4369-95A4-21C3FD605896}.Ad-Hoc|iPhoneSimulator.Deploy.0 = Release|Any CPU
		{90C2BC8C-0B66-4369-95A4-21C3FD605896}.AppStore|Any CPU.ActiveCfg = Release|Any CPU
		{90C2BC8C-0B66-4369-95A4-21C3FD605896}.AppStore|Any CPU.Build.0 = Release|Any CPU
		{90C2BC8C-0B66-4369-95A4-21C3FD605896}.AppStore|Any CPU.Deploy.0 = Release|Any CPU
		{90C2BC8C-0B66-4369-95A4-21C3FD605896}.AppStore|iPhone.ActiveCfg = Release|Any CPU
		{90C2BC8C-0B66-4369-95A4-21C3FD605896}.AppStore|iPhone.Build.0 = Release|Any CPU
		{90C2BC8C-0B66-4369-95A4-21C3FD605896}.AppStore|iPhone.Deploy.0 = Release|Any CPU
		{90C2BC8C-0B66-4369-95A4-21C3FD605896}.AppStore|iPhoneSimulator.ActiveCfg = Release|Any CPU
		{90C2BC8C-0B66-4369-95A4-21C3FD605896}.AppStore|iPhoneSimulator.Build.0 = Release|Any CPU
		{90C2BC8C-0B66-4369-95A4-21C3FD605896}.AppStore|iPhoneSimulator.Deploy.0 = Release|Any CPU
		{90C2BC8C-0B66-4369-95A4-21C3FD605896}.Debug|Any CPU.ActiveCfg = Debug|Any CPU
		{90C2BC8C-0B66-4369-95A4-21C3FD605896}.Debug|Any CPU.Build.0 = Debug|Any CPU
		{90C2BC8C-0B66-4369-95A4-21C3FD605896}.Debug|Any CPU.Deploy.0 = Debug|Any CPU
		{90C2BC8C-0B66-4369-95A4-21C3FD605896}.Debug|iPhone.ActiveCfg = Debug|Any CPU
		{90C2BC8C-0B66-4369-95A4-21C3FD605896}.Debug|iPhone.Build.0 = Debug|Any CPU
		{90C2BC8C-0B66-4369-95A4-21C3FD605896}.Debug|iPhone.Deploy.0 = Debug|Any CPU
		{90C2BC8C-0B66-4369-95A4-21C3FD605896}.Debug|iPhoneSimulator.ActiveCfg = Debug|Any CPU
		{90C2BC8C-0B66-4369-95A4-21C3FD605896}.Debug|iPhoneSimulator.Build.0 = Debug|Any CPU
		{90C2BC8C-0B66-4369-95A4-21C3FD605896}.Debug|iPhoneSimulator.Deploy.0 = Debug|Any CPU
		{90C2BC8C-0B66-4369-95A4-21C3FD605896}.Release|Any CPU.ActiveCfg = Release|Any CPU
		{90C2BC8C-0B66-4369-95A4-21C3FD605896}.Release|Any CPU.Build.0 = Release|Any CPU
		{90C2BC8C-0B66-4369-95A4-21C3FD605896}.Release|Any CPU.Deploy.0 = Release|Any CPU
		{90C2BC8C-0B66-4369-95A4-21C3FD605896}.Release|iPhone.ActiveCfg = Release|Any CPU
		{90C2BC8C-0B66-4369-95A4-21C3FD605896}.Release|iPhone.Build.0 = Release|Any CPU
		{90C2BC8C-0B66-4369-95A4-21C3FD605896}.Release|iPhone.Deploy.0 = Release|Any CPU
		{90C2BC8C-0B66-4369-95A4-21C3FD605896}.Release|iPhoneSimulator.ActiveCfg = Release|Any CPU
		{90C2BC8C-0B66-4369-95A4-21C3FD605896}.Release|iPhoneSimulator.Build.0 = Release|Any CPU
		{90C2BC8C-0B66-4369-95A4-21C3FD605896}.Release|iPhoneSimulator.Deploy.0 = Release|Any CPU
		{110A6516-DACD-4286-8ADB-FA6D726F3D06}.Ad-Hoc|Any CPU.ActiveCfg = Ad-Hoc|iPhone
		{110A6516-DACD-4286-8ADB-FA6D726F3D06}.Ad-Hoc|iPhone.ActiveCfg = Ad-Hoc|iPhone
		{110A6516-DACD-4286-8ADB-FA6D726F3D06}.Ad-Hoc|iPhone.Build.0 = Ad-Hoc|iPhone
		{110A6516-DACD-4286-8ADB-FA6D726F3D06}.Ad-Hoc|iPhoneSimulator.ActiveCfg = Ad-Hoc|iPhoneSimulator
		{110A6516-DACD-4286-8ADB-FA6D726F3D06}.Ad-Hoc|iPhoneSimulator.Build.0 = Ad-Hoc|iPhoneSimulator
		{110A6516-DACD-4286-8ADB-FA6D726F3D06}.AppStore|Any CPU.ActiveCfg = AppStore|iPhone
		{110A6516-DACD-4286-8ADB-FA6D726F3D06}.AppStore|iPhone.ActiveCfg = AppStore|iPhone
		{110A6516-DACD-4286-8ADB-FA6D726F3D06}.AppStore|iPhone.Build.0 = AppStore|iPhone
		{110A6516-DACD-4286-8ADB-FA6D726F3D06}.AppStore|iPhoneSimulator.ActiveCfg = AppStore|iPhoneSimulator
		{110A6516-DACD-4286-8ADB-FA6D726F3D06}.AppStore|iPhoneSimulator.Build.0 = AppStore|iPhoneSimulator
		{110A6516-DACD-4286-8ADB-FA6D726F3D06}.Debug|Any CPU.ActiveCfg = Debug|iPhone
		{110A6516-DACD-4286-8ADB-FA6D726F3D06}.Debug|iPhone.ActiveCfg = Debug|iPhone
		{110A6516-DACD-4286-8ADB-FA6D726F3D06}.Debug|iPhone.Build.0 = Debug|iPhone
		{110A6516-DACD-4286-8ADB-FA6D726F3D06}.Debug|iPhoneSimulator.ActiveCfg = Debug|iPhoneSimulator
		{110A6516-DACD-4286-8ADB-FA6D726F3D06}.Debug|iPhoneSimulator.Build.0 = Debug|iPhoneSimulator
		{110A6516-DACD-4286-8ADB-FA6D726F3D06}.Release|Any CPU.ActiveCfg = Release|iPhone
		{110A6516-DACD-4286-8ADB-FA6D726F3D06}.Release|iPhone.ActiveCfg = Release|iPhone
		{110A6516-DACD-4286-8ADB-FA6D726F3D06}.Release|iPhone.Build.0 = Release|iPhone
		{110A6516-DACD-4286-8ADB-FA6D726F3D06}.Release|iPhoneSimulator.ActiveCfg = Release|iPhoneSimulator
		{110A6516-DACD-4286-8ADB-FA6D726F3D06}.Release|iPhoneSimulator.Build.0 = Release|iPhoneSimulator
	EndGlobalSection
	GlobalSection(SolutionProperties) = preSolution
		HideSolutionNode = FALSE
	EndGlobalSection
	GlobalSection(ExtensibilityGlobals) = postSolution
		SolutionGuid = {304EF8E6-5208-4561-9705-680DF6173495}
	EndGlobalSection
EndGlobal
